// !$*UTF8*$!
{
	archiveVersion = 1;
	classes = {
	};
	objectVersion = 46;
	objects = {

/* Begin PBXBuildFile section */
		1BB7934D1CB4CE85005B5633 /* main.cpp in Sources */ = {isa = PBXBuildFile; fileRef = 1BB7934C1CB4CE85005B5633 /* main.cpp */; };
		1BB793541CB4CEB8005B5633 /* OpenAL.framework in Frameworks */ = {isa = PBXBuildFile; fileRef = 1BB793531CB4CEB8005B5633 /* OpenAL.framework */; };
		1BB793571CB4CEC1005B5633 /* GLUT.framework in Frameworks */ = {isa = PBXBuildFile; fileRef = 1BB793551CB4CEC1005B5633 /* GLUT.framework */; };
		1BB793581CB4CEC1005B5633 /* OpenGL.framework in Frameworks */ = {isa = PBXBuildFile; fileRef = 1BB793561CB4CEC1005B5633 /* OpenGL.framework */; };
/* End PBXBuildFile section */

/* Begin PBXCopyFilesBuildPhase section */
		1BB793471CB4CE85005B5633 /* CopyFiles */ = {
			isa = PBXCopyFilesBuildPhase;
			buildActionMask = 2147483647;
			dstPath = /usr/share/man/man1/;
			dstSubfolderSpec = 0;
			files = (
			);
			runOnlyForDeploymentPostprocessing = 1;
		};
/* End PBXCopyFilesBuildPhase section */

/* Begin PBXFileReference section */
		1BB793491CB4CE85005B5633 /* OpenGLPongXcode */ = {isa = PBXFileReference; explicitFileType = "compiled.mach-o.executable"; includeInIndex = 0; path = OpenGLPongXcode; sourceTree = BUILT_PRODUCTS_DIR; };
		1BB7934C1CB4CE85005B5633 /* main.cpp */ = {isa = PBXFileReference; lastKnownFileType = sourcecode.cpp.cpp; path = main.cpp; sourceTree = "<group>"; };
		1BB793531CB4CEB8005B5633 /* OpenAL.framework */ = {isa = PBXFileReference; lastKnownFileType = wrapper.framework; name = OpenAL.framework; path = System/Library/Frameworks/OpenAL.framework; sourceTree = SDKROOT; };
		1BB793551CB4CEC1005B5633 /* GLUT.framework */ = {isa = PBXFileReference; lastKnownFileType = wrapper.framework; name = GLUT.framework; path = System/Library/Frameworks/GLUT.framework; sourceTree = SDKROOT; };
		1BB793561CB4CEC1005B5633 /* OpenGL.framework */ = {isa = PBXFileReference; lastKnownFileType = wrapper.framework; name = OpenGL.framework; path = System/Library/Frameworks/OpenGL.framework; sourceTree = SDKROOT; };
		1BB7935A1CB4CF03005B5633 /* bounce.wav */ = {isa = PBXFileReference; lastKnownFileType = audio.wav; path = bounce.wav; sourceTree = "<group>"; };
/* End PBXFileReference section */

/* Begin PBXFrameworksBuildPhase section */
		1BB793461CB4CE85005B5633 /* Frameworks */ = {
			isa = PBXFrameworksBuildPhase;
			buildActionMask = 2147483647;
			files = (
				1BB793571CB4CEC1005B5633 /* GLUT.framework in Frameworks */,
				1BB793581CB4CEC1005B5633 /* OpenGL.framework in Frameworks */,
				1BB793541CB4CEB8005B5633 /* OpenAL.framework in Frameworks */,
			);
			runOnlyForDeploymentPostprocessing = 0;
		};
/* End PBXFrameworksBuildPhase section */

/* Begin PBXGroup section */
		1BB793401CB4CE85005B5633 = {
			isa = PBXGroup;
			children = (
				1BB793551CB4CEC1005B5633 /* GLUT.framework */,
				1BB793561CB4CEC1005B5633 /* OpenGL.framework */,
				1BB793531CB4CEB8005B5633 /* OpenAL.framework */,
				1BB7934B1CB4CE85005B5633 /* OpenGLPongXcode */,
				1BB7934A1CB4CE85005B5633 /* Products */,
			);
			sourceTree = "<group>";
		};
		1BB7934A1CB4CE85005B5633 /* Products */ = {
			isa = PBXGroup;
			children = (
				1BB793491CB4CE85005B5633 /* OpenGLPongXcode */,
			);
			name = Products;
			sourceTree = "<group>";
		};
		1BB7934B1CB4CE85005B5633 /* OpenGLPongXcode */ = {
			isa = PBXGroup;
			children = (
				1BB7934C1CB4CE85005B5633 /* main.cpp */,
				1BB7935A1CB4CF03005B5633 /* bounce.wav */,
			);
			path = OpenGLPongXcode;
			sourceTree = "<group>";
		};
/* End PBXGroup section */

/* Begin PBXNativeTarget section */
		1BB793481CB4CE85005B5633 /* OpenGLPongXcode */ = {
			isa = PBXNativeTarget;
			buildConfigurationList = 1BB793501CB4CE85005B5633 /* Build configuration list for PBXNativeTarget "OpenGLPongXcode" */;
			buildPhases = (
				1BB793451CB4CE85005B5633 /* Sources */,
				1BB793461CB4CE85005B5633 /* Frameworks */,
				1BB793471CB4CE85005B5633 /* CopyFiles */,
			);
			buildRules = (
			);
			dependencies = (
			);
			name = OpenGLPongXcode;
			productName = OpenGLPongXcode;
			productReference = 1BB793491CB4CE85005B5633 /* OpenGLPongXcode */;
			productType = "com.apple.product-type.tool";
		};
/* End PBXNativeTarget section */

/* Begin PBXProject section */
		1BB793411CB4CE85005B5633 /* Project object */ = {
			isa = PBXProject;
			attributes = {
				LastUpgradeCheck = 0710;
				ORGANIZATIONNAME = Enrique;
				TargetAttributes = {
					1BB793481CB4CE85005B5633 = {
						CreatedOnToolsVersion = 7.1.1;
					};
				};
			};
			buildConfigurationList = 1BB793441CB4CE85005B5633 /* Build configuration list for PBXProject "OpenGLPongXcode" */;
			compatibilityVersion = "Xcode 3.2";
			developmentRegion = English;
			hasScannedForEncodings = 0;
			knownRegions = (
				en,
			);
			mainGroup = 1BB793401CB4CE85005B5633;
			productRefGroup = 1BB7934A1CB4CE85005B5633 /* Products */;
			projectDirPath = "";
			projectRoot = "";
			targets = (
				1BB793481CB4CE85005B5633 /* OpenGLPongXcode */,
			);
		};
/* End PBXProject section */

/* Begin PBXSourcesBuildPhase section */
		1BB793451CB4CE85005B5633 /* Sources */ = {
			isa = PBXSourcesBuildPhase;
			buildActionMask = 2147483647;
			files = (
				1BB7934D1CB4CE85005B5633 /* main.cpp in Sources */,
			);
			runOnlyForDeploymentPostprocessing = 0;
		};
/* End PBXSourcesBuildPhase section */

/* Begin XCBuildConfiguration section */
		1BB7934E1CB4CE85005B5633 /* Debug */ = {
			isa = XCBuildConfiguration;
			buildSettings = {
				ALWAYS_SEARCH_USER_PATHS = NO;
				CLANG_CXX_LANGUAGE_STANDARD = "gnu++0x";
				CLANG_CXX_LIBRARY = "libc++";
				CLANG_ENABLE_MODULES = YES;
				CLANG_ENABLE_OBJC_ARC = YES;
				CLANG_WARN_BOOL_CONVERSION = YES;
				CLANG_WARN_CONSTANT_CONVERSION = YES;
				CLANG_WARN_DIRECT_OBJC_ISA_USAGE = YES_ERROR;
				CLANG_WARN_EMPTY_BODY = YES;
				CLANG_WARN_ENUM_CONVERSION = YES;
				CLANG_WARN_INT_CONVERSION = YES;
				CLANG_WARN_OBJC_ROOT_CLASS = YES_ERROR;
				CLANG_WARN_UNREACHABLE_CODE = YES;
				CLANG_WARN__DUPLICATE_METHOD_MATCH = YES;
				CODE_SIGN_IDENTITY = "-";
				COPY_PHASE_STRIP = NO;
				DEBUG_INFORMATION_FORMAT = dwarf;
				ENABLE_STRICT_OBJC_MSGSEND = YES;
				ENABLE_TESTABILITY = YES;
				GCC_C_LANGUAGE_STANDARD = gnu99;
				GCC_DYNAMIC_NO_PIC = NO;
				GCC_NO_COMMON_BLOCKS = YES;
				GCC_OPTIMIZATION_LEVEL = 0;
				GCC_PREPROCESSOR_DEFINITIONS = (
					"DEBUG=1",
					"$(inherited)",
				);
				GCC_WARN_64_TO_32_BIT_CONVERSION = YES;
				GCC_WARN_ABOUT_RETURN_TYPE = YES_ERROR;
				GCC_WARN_UNDECLARED_SELECTOR = YES;
				GCC_WARN_UNINITIALIZED_AUTOS = YES_AGGRESSIVE;
				GCC_WARN_UNUSED_FUNCTION = YES;
				GCC_WARN_UNUSED_VARIABLE = YES;
				MACOSX_DEPLOYMENT_TARGET = 10.11;
				MTL_ENABLE_DEBUG_INFO = YES;
				ONLY_ACTIVE_ARCH = YES;
				SDKROOT = macosx;
			};
			name = Debug;
		};
		1BB7934F1CB4CE85005B5633 /* Release */ = {
			isa = XCBuildConfiguration;
			buildSettings = {
				ALWAYS_SEARCH_USER_PATHS = NO;
				CLANG_CXX_LANGUAGE_STANDARD = "gnu++0x";
				CLANG_CXX_LIBRARY = "libc++";
				CLANG_ENABLE_MODULES = YES;
				CLANG_ENABLE_OBJC_ARC = YES;
				CLANG_WARN_BOOL_CONVERSION = YES;
				CLANG_WARN_CONSTANT_CONVERSION = YES;
				CLANG_WARN_DIRECT_OBJC_ISA_USAGE = YES_ERROR;
				CLANG_WARN_EMPTY_BODY = YES;
				CLANG_WARN_ENUM_CONVERSION = YES;
				CLANG_WARN_INT_CONVERSION = YES;
				CLANG_WARN_OBJC_ROOT_CLASS = YES_ERROR;
				CLANG_WARN_UNREACHABLE_CODE = YES;
				CLANG_WARN__DUPLICATE_METHOD_MATCH = YES;
				CODE_SIGN_IDENTITY = "-";
				COPY_PHASE_STRIP = NO;
				DEBUG_INFORMATION_FORMAT = "dwarf-with-dsym";
				ENABLE_NS_ASSERTIONS = NO;
				ENABLE_STRICT_OBJC_MSGSEND = YES;
				GCC_C_LANGUAGE_STANDARD = gnu99;
				GCC_NO_COMMON_BLOCKS = YES;
				GCC_WARN_64_TO_32_BIT_CONVERSION = YES;
				GCC_WARN_ABOUT_RETURN_TYPE = YES_ERROR;
				GCC_WARN_UNDECLARED_SELECTOR = YES;
				GCC_WARN_UNINITIALIZED_AUTOS = YES_AGGRESSIVE;
				GCC_WARN_UNUSED_FUNCTION = YES;
				GCC_WARN_UNUSED_VARIABLE = YES;
				MACOSX_DEPLOYMENT_TARGET = 10.11;
				MTL_ENABLE_DEBUG_INFO = NO;
				SDKROOT = macosx;
			};
			name = Release;
		};
		1BB793511CB4CE85005B5633 /* Debug */ = {
			isa = XCBuildConfiguration;
			buildSettings = {
				PRODUCT_NAME = "$(TARGET_NAME)";
			};
			name = Debug;
		};
		1BB793521CB4CE85005B5633 /* Release */ = {
			isa = XCBuildConfiguration;
			buildSettings = {
				PRODUCT_NAME = "$(TARGET_NAME)";
			};
			name = Release;
		};
/* End XCBuildConfiguration section */

/* Begin XCConfigurationList section */
		1BB793441CB4CE85005B5633 /* Build configuration list for PBXProject "OpenGLPongXcode" */ = {
			isa = XCConfigurationList;
			buildConfigurations = (
				1BB7934E1CB4CE85005B5633 /* Debug */,
				1BB7934F1CB4CE85005B5633 /* Release */,
			);
			defaultConfigurationIsVisible = 0;
			defaultConfigurationName = Release;
		};
		1BB793501CB4CE85005B5633 /* Build configuration list for PBXNativeTarget "OpenGLPongXcode" */ = {
			isa = XCConfigurationList;
			buildConfigurations = (
				1BB793511CB4CE85005B5633 /* Debug */,
				1BB793521CB4CE85005B5633 /* Release */,
			);
			defaultConfigurationIsVisible = 0;
		};
/* End XCConfigurationList section */
	};
	rootObject = 1BB793411CB4CE85005B5633 /* Project object */;
}
